
Microsoft Visual Studio Solution File, Format Version 12.00
# Visual Studio Version 17
VisualStudioVersion = 17.0.31903.59
MinimumVisualStudioVersion = 10.0.40219.1
Project("{2150E333-8FDC-42A3-9474-1A3956D46DE8}") = "BuildingBlocks", "BuildingBlocks", "{7266C4A9-E384-DC00-0EB6-47F6002CFBA7}"
EndProject
Project("{FAE04EC0-301F-11D3-BF4B-00C04F79EFBC}") = "MyWatchMarketplace.Contracts", "BuildingBlocks\MyWatchMarketplace.Contracts\MyWatchMarketplace.Contracts.csproj", "{515568D6-5209-475D-B9C8-703323887132}"
EndProject
Project("{FAE04EC0-301F-11D3-BF4B-00C04F79EFBC}") = "MyWatchMarketplace.SharedKernel", "BuildingBlocks\MyWatchMarketplace.SharedKernel\MyWatchMarketplace.SharedKernel.csproj", "{EB54E92B-7B1A-411A-8FE3-C1A478F1CA96}"
EndProject
Project("{2150E333-8FDC-42A3-9474-1A3956D46DE8}") = "services", "services", "{5854FF58-B8C5-05C6-5BF2-ACE42193F22B}"
EndProject
Project("{2150E333-8FDC-42A3-9474-1A3956D46DE8}") = "BuyerWishlist", "BuyerWishlist", "{B6DACD6C-8B3F-8A8A-09AD-F2D1DD139CEC}"
EndProject
Project("{FAE04EC0-301F-11D3-BF4B-00C04F79EFBC}") = "MyWatchMarketplace.BuyerWishlist.Api", "services\BuyerWishlist\MyWatchMarketplace.BuyerWishlist.Api\MyWatchMarketplace.BuyerWishlist.Api.csproj", "{8DEB53EA-BB05-4EF5-94DB-B2E220005D25}"
EndProject
Project("{FAE04EC0-301F-11D3-BF4B-00C04F79EFBC}") = "MyWatchMarketplace.BuyerWishlist.Application", "services\BuyerWishlist\MyWatchMarketplace.BuyerWishlist.Application\MyWatchMarketplace.BuyerWishlist.Application.csproj", "{EB009A4C-ECA8-4F7D-9883-B885C2D26282}"
EndProject
Project("{FAE04EC0-301F-11D3-BF4B-00C04F79EFBC}") = "MyWatchMarketplace.BuyerWishlist.Domain", "services\BuyerWishlist\MyWatchMarketplace.BuyerWishlist.Domain\MyWatchMarketplace.BuyerWishlist.Domain.csproj", "{1A053543-5039-45A2-9D8D-AD7C2F615316}"
EndProject
Project("{FAE04EC0-301F-11D3-BF4B-00C04F79EFBC}") = "MyWatchMarketplace.BuyerWishlist.Infrastructure", "services\BuyerWishlist\MyWatchMarketplace.BuyerWishlist.Infrastructure\MyWatchMarketplace.BuyerWishlist.Infrastructure.csproj", "{A0D9423F-F89D-4610-86E4-E8FE65423E4A}"
EndProject
Project("{2150E333-8FDC-42A3-9474-1A3956D46DE8}") = "CollectorVault", "CollectorVault", "{E5928026-5986-66E7-0644-12CA7F7E8D88}"
EndProject
Project("{FAE04EC0-301F-11D3-BF4B-00C04F79EFBC}") = "MyWatchMarketplace.CollectorVault.Api", "services\CollectorVault\MyWatchMarketplace.CollectorVault.Api\MyWatchMarketplace.CollectorVault.Api.csproj", "{69028BED-E19B-4972-ACE8-3F651860AEBE}"
EndProject
Project("{FAE04EC0-301F-11D3-BF4B-00C04F79EFBC}") = "MyWatchMarketplace.CollectorVault.Application", "services\CollectorVault\MyWatchMarketplace.CollectorVault.Application\MyWatchMarketplace.CollectorVault.Application.csproj", "{D0B04976-EB14-43B5-8C49-3E5D03BA63A6}"
EndProject
Project("{FAE04EC0-301F-11D3-BF4B-00C04F79EFBC}") = "MyWatchMarketplace.CollectorVault.Domain", "services\CollectorVault\MyWatchMarketplace.CollectorVault.Domain\MyWatchMarketplace.CollectorVault.Domain.csproj", "{426003C7-E2E7-4952-942D-B70BBB4A54A7}"
EndProject
Project("{FAE04EC0-301F-11D3-BF4B-00C04F79EFBC}") = "MyWatchMarketplace.CollectorVault.Infrastructure", "services\CollectorVault\MyWatchMarketplace.CollectorVault.Infrastructure\MyWatchMarketplace.CollectorVault.Infrastructure.csproj", "{988E1FC7-85CB-4AA5-A56D-33B026BA71D4}"
EndProject
Project("{2150E333-8FDC-42A3-9474-1A3956D46DE8}") = "CustomerOrders", "CustomerOrders", "{BB9F12D0-9064-20B8-D589-C8B0337A0624}"
EndProject
Project("{FAE04EC0-301F-11D3-BF4B-00C04F79EFBC}") = "MyWatchMarketplace.CustomerOrders.Api", "services\CustomerOrders\MyWatchMarketplace.CustomerOrders.Api\MyWatchMarketplace.CustomerOrders.Api.csproj", "{98901FD6-3743-48D9-944E-322E5AFEBBA7}"
EndProject
Project("{FAE04EC0-301F-11D3-BF4B-00C04F79EFBC}") = "MyWatchMarketplace.CustomerOrders.Application", "services\CustomerOrders\MyWatchMarketplace.CustomerOrders.Application\MyWatchMarketplace.CustomerOrders.Application.csproj", "{CA110C30-3B5C-43C2-8AE7-8497201847CB}"
EndProject
Project("{FAE04EC0-301F-11D3-BF4B-00C04F79EFBC}") = "MyWatchMarketplace.CustomerOrders.Domain", "services\CustomerOrders\MyWatchMarketplace.CustomerOrders.Domain\MyWatchMarketplace.CustomerOrders.Domain.csproj", "{74924DDB-5453-4527-8821-677A48BE2977}"
EndProject
Project("{FAE04EC0-301F-11D3-BF4B-00C04F79EFBC}") = "MyWatchMarketplace.CustomerOrders.Infrastructure", "services\CustomerOrders\MyWatchMarketplace.CustomerOrders.Infrastructure\MyWatchMarketplace.CustomerOrders.Infrastructure.csproj", "{2EF835ED-2D2D-49B5-BBA9-22F5D0967ACE}"
EndProject
Project("{2150E333-8FDC-42A3-9474-1A3956D46DE8}") = "marketplace", "marketplace", "{C49BA92E-5509-CE7F-40BF-A85AD1034C0E}"
EndProject
Project("{FAE04EC0-301F-11D3-BF4B-00C04F79EFBC}") = "MyWatchMarketplace.Marketplace.Api", "services\marketplace\MyWatchMarketplace.marketplace.Api\MyWatchMarketplace.Marketplace.Api.csproj", "{5E6A05DB-4BEC-4E62-AA70-07C825BA2764}"
EndProject
Project("{FAE04EC0-301F-11D3-BF4B-00C04F79EFBC}") = "MyWatchMarketplace.marketplace.Application", "services\marketplace\MyWatchMarketplace.marketplace.Application\MyWatchMarketplace.marketplace.Application.csproj", "{21031D86-32E1-4A09-B9C3-95C196154230}"
EndProject
Project("{FAE04EC0-301F-11D3-BF4B-00C04F79EFBC}") = "MyWatchMarketplace.marketplace.Domain", "services\marketplace\MyWatchMarketplace.marketplace.Domain\MyWatchMarketplace.marketplace.Domain.csproj", "{55D46460-E084-457F-8BD1-EB105DB090D0}"
EndProject
Project("{FAE04EC0-301F-11D3-BF4B-00C04F79EFBC}") = "MyWatchMarketplace.marketplace.Infrastructure", "services\marketplace\MyWatchMarketplace.marketplace.Infrastructure\MyWatchMarketplace.marketplace.Infrastructure.csproj", "{6A7C8AE4-D607-469F-810B-1F4A4E792A44}"
EndProject
Project("{2150E333-8FDC-42A3-9474-1A3956D46DE8}") = "SellerHub", "SellerHub", "{F3434ADF-E90D-43BC-8C6B-A722BD079982}"
EndProject
Project("{FAE04EC0-301F-11D3-BF4B-00C04F79EFBC}") = "MyWatchMarketplace.SellerHub.Api", "services\SellerHub\MyWatchMarketplace.SellerHub.Api\MyWatchMarketplace.SellerHub.Api.csproj", "{12497DCB-F5DB-481D-A3D0-B622AEBE4B1B}"
EndProject
Project("{FAE04EC0-301F-11D3-BF4B-00C04F79EFBC}") = "MyWatchMarketplace.SellerHub.Application", "services\SellerHub\MyWatchMarketplace.SellerHub.Application\MyWatchMarketplace.SellerHub.Application.csproj", "{7BA92263-1B49-4CEF-B6DF-97FE8DE880AA}"
EndProject
Project("{FAE04EC0-301F-11D3-BF4B-00C04F79EFBC}") = "MyWatchMarketplace.SellerHub.Domain", "services\SellerHub\MyWatchMarketplace.SellerHub.Domain\MyWatchMarketplace.SellerHub.Domain.csproj", "{FD936C6A-108A-4ACC-81EF-0095956C5C44}"
EndProject
Project("{FAE04EC0-301F-11D3-BF4B-00C04F79EFBC}") = "MyWatchMarketplace.SellerHub.Infrastructure", "services\SellerHub\MyWatchMarketplace.SellerHub.Infrastructure\MyWatchMarketplace.SellerHub.Infrastructure.csproj", "{C3B9B2A4-CDC6-4F0B-8F45-83810480506B}"
EndProject
Project("{2150E333-8FDC-42A3-9474-1A3956D46DE8}") = "gateway", "gateway", "{E7BDDBC6-9FD1-D1D7-ACD8-2C4F8E3D2461}"
EndProject
Project("{FAE04EC0-301F-11D3-BF4B-00C04F79EFBC}") = "MyWatchMarketplace.ApiGateway", "gateway\MyWatchMarketplace.ApiGateway\MyWatchMarketplace.ApiGateway.csproj", "{13D28816-AF9E-462F-9AD3-986482CB7143}"
EndProject
Project("{2150E333-8FDC-42A3-9474-1A3956D46DE8}") = "UserManagement", "UserManagement", "{81C5FF0A-6941-4A42-E912-C1CFE77F0226}"
EndProject
Project("{FAE04EC0-301F-11D3-BF4B-00C04F79EFBC}") = "MyWatchMarketplace.UserManagement.Domain", "services\UserManagement\MyWatchMarketplace.UserManagement.Domain\MyWatchMarketplace.UserManagement.Domain.csproj", "{30574706-8AD9-426C-A9C9-885CEAA20A41}"
EndProject
Project("{FAE04EC0-301F-11D3-BF4B-00C04F79EFBC}") = "MyWatchMarketplace.UserManagement.Application", "services\UserManagement\MyWatchMarketplace.UserManagement.Application\MyWatchMarketplace.UserManagement.Application.csproj", "{6F27F69D-E288-404D-B688-80723BCCB3B5}"
EndProject
Project("{FAE04EC0-301F-11D3-BF4B-00C04F79EFBC}") = "MyWatchMarketplace.UserManagement.Infrastructure", "services\UserManagement\MyWatchMarketplace.UserManagement.Infrastructure\MyWatchMarketplace.UserManagement.Infrastructure.csproj", "{6C59B496-3D60-4129-8B21-C6A64BFA8C6A}"
EndProject
Project("{FAE04EC0-301F-11D3-BF4B-00C04F79EFBC}") = "MyWatchMarketplace.UserManagement.Api", "services\UserManagement\MyWatchMarketplace.UserManagement.Api\MyWatchMarketplace.UserManagement.Api.csproj", "{EB37A163-6BE9-4E49-AD64-424EE5343A4A}"
EndProject
Global
	GlobalSection(SolutionConfigurationPlatforms) = preSolution
		Debug|Any CPU = Debug|Any CPU
		Debug|x64 = Debug|x64
		Debug|x86 = Debug|x86
		Release|Any CPU = Release|Any CPU
		Release|x64 = Release|x64
		Release|x86 = Release|x86
	EndGlobalSection
	GlobalSection(ProjectConfigurationPlatforms) = postSolution
		{515568D6-5209-475D-B9C8-703323887132}.Debug|Any CPU.ActiveCfg = Debug|Any CPU
		{515568D6-5209-475D-B9C8-703323887132}.Debug|Any CPU.Build.0 = Debug|Any CPU
		{515568D6-5209-475D-B9C8-703323887132}.Debug|x64.ActiveCfg = Debug|Any CPU
		{515568D6-5209-475D-B9C8-703323887132}.Debug|x64.Build.0 = Debug|Any CPU
		{515568D6-5209-475D-B9C8-703323887132}.Debug|x86.ActiveCfg = Debug|Any CPU
		{515568D6-5209-475D-B9C8-703323887132}.Debug|x86.Build.0 = Debug|Any CPU
		{515568D6-5209-475D-B9C8-703323887132}.Release|Any CPU.ActiveCfg = Release|Any CPU
		{515568D6-5209-475D-B9C8-703323887132}.Release|Any CPU.Build.0 = Release|Any CPU
		{515568D6-5209-475D-B9C8-703323887132}.Release|x64.ActiveCfg = Release|Any CPU
		{515568D6-5209-475D-B9C8-703323887132}.Release|x64.Build.0 = Release|Any CPU
		{515568D6-5209-475D-B9C8-703323887132}.Release|x86.ActiveCfg = Release|Any CPU
		{515568D6-5209-475D-B9C8-703323887132}.Release|x86.Build.0 = Release|Any CPU
		{EB54E92B-7B1A-411A-8FE3-C1A478F1CA96}.Debug|Any CPU.ActiveCfg = Debug|Any CPU
		{EB54E92B-7B1A-411A-8FE3-C1A478F1CA96}.Debug|Any CPU.Build.0 = Debug|Any CPU
		{EB54E92B-7B1A-411A-8FE3-C1A478F1CA96}.Debug|x64.ActiveCfg = Debug|Any CPU
		{EB54E92B-7B1A-411A-8FE3-C1A478F1CA96}.Debug|x64.Build.0 = Debug|Any CPU
		{EB54E92B-7B1A-411A-8FE3-C1A478F1CA96}.Debug|x86.ActiveCfg = Debug|Any CPU
		{EB54E92B-7B1A-411A-8FE3-C1A478F1CA96}.Debug|x86.Build.0 = Debug|Any CPU
		{EB54E92B-7B1A-411A-8FE3-C1A478F1CA96}.Release|Any CPU.ActiveCfg = Release|Any CPU
		{EB54E92B-7B1A-411A-8FE3-C1A478F1CA96}.Release|Any CPU.Build.0 = Release|Any CPU
		{EB54E92B-7B1A-411A-8FE3-C1A478F1CA96}.Release|x64.ActiveCfg = Release|Any CPU
		{EB54E92B-7B1A-411A-8FE3-C1A478F1CA96}.Release|x64.Build.0 = Release|Any CPU
		{EB54E92B-7B1A-411A-8FE3-C1A478F1CA96}.Release|x86.ActiveCfg = Release|Any CPU
		{EB54E92B-7B1A-411A-8FE3-C1A478F1CA96}.Release|x86.Build.0 = Release|Any CPU
		{8DEB53EA-BB05-4EF5-94DB-B2E220005D25}.Debug|Any CPU.ActiveCfg = Debug|Any CPU
		{8DEB53EA-BB05-4EF5-94DB-B2E220005D25}.Debug|Any CPU.Build.0 = Debug|Any CPU
		{8DEB53EA-BB05-4EF5-94DB-B2E220005D25}.Debug|x64.ActiveCfg = Debug|Any CPU
		{8DEB53EA-BB05-4EF5-94DB-B2E220005D25}.Debug|x64.Build.0 = Debug|Any CPU
		{8DEB53EA-BB05-4EF5-94DB-B2E220005D25}.Debug|x86.ActiveCfg = Debug|Any CPU
		{8DEB53EA-BB05-4EF5-94DB-B2E220005D25}.Debug|x86.Build.0 = Debug|Any CPU
		{8DEB53EA-BB05-4EF5-94DB-B2E220005D25}.Release|Any CPU.ActiveCfg = Release|Any CPU
		{8DEB53EA-BB05-4EF5-94DB-B2E220005D25}.Release|Any CPU.Build.0 = Release|Any CPU
		{8DEB53EA-BB05-4EF5-94DB-B2E220005D25}.Release|x64.ActiveCfg = Release|Any CPU
		{8DEB53EA-BB05-4EF5-94DB-B2E220005D25}.Release|x64.Build.0 = Release|Any CPU
		{8DEB53EA-BB05-4EF5-94DB-B2E220005D25}.Release|x86.ActiveCfg = Release|Any CPU
		{8DEB53EA-BB05-4EF5-94DB-B2E220005D25}.Release|x86.Build.0 = Release|Any CPU
		{EB009A4C-ECA8-4F7D-9883-B885C2D26282}.Debug|Any CPU.ActiveCfg = Debug|Any CPU
		{EB009A4C-ECA8-4F7D-9883-B885C2D26282}.Debug|Any CPU.Build.0 = Debug|Any CPU
		{EB009A4C-ECA8-4F7D-9883-B885C2D26282}.Debug|x64.ActiveCfg = Debug|Any CPU
		{EB009A4C-ECA8-4F7D-9883-B885C2D26282}.Debug|x64.Build.0 = Debug|Any CPU
		{EB009A4C-ECA8-4F7D-9883-B885C2D26282}.Debug|x86.ActiveCfg = Debug|Any CPU
		{EB009A4C-ECA8-4F7D-9883-B885C2D26282}.Debug|x86.Build.0 = Debug|Any CPU
		{EB009A4C-ECA8-4F7D-9883-B885C2D26282}.Release|Any CPU.ActiveCfg = Release|Any CPU
		{EB009A4C-ECA8-4F7D-9883-B885C2D26282}.Release|Any CPU.Build.0 = Release|Any CPU
		{EB009A4C-ECA8-4F7D-9883-B885C2D26282}.Release|x64.ActiveCfg = Release|Any CPU
		{EB009A4C-ECA8-4F7D-9883-B885C2D26282}.Release|x64.Build.0 = Release|Any CPU
		{EB009A4C-ECA8-4F7D-9883-B885C2D26282}.Release|x86.ActiveCfg = Release|Any CPU
		{EB009A4C-ECA8-4F7D-9883-B885C2D26282}.Release|x86.Build.0 = Release|Any CPU
		{1A053543-5039-45A2-9D8D-AD7C2F615316}.Debug|Any CPU.ActiveCfg = Debug|Any CPU
		{1A053543-5039-45A2-9D8D-AD7C2F615316}.Debug|Any CPU.Build.0 = Debug|Any CPU
		{1A053543-5039-45A2-9D8D-AD7C2F615316}.Debug|x64.ActiveCfg = Debug|Any CPU
		{1A053543-5039-45A2-9D8D-AD7C2F615316}.Debug|x64.Build.0 = Debug|Any CPU
		{1A053543-5039-45A2-9D8D-AD7C2F615316}.Debug|x86.ActiveCfg = Debug|Any CPU
		{1A053543-5039-45A2-9D8D-AD7C2F615316}.Debug|x86.Build.0 = Debug|Any CPU
		{1A053543-5039-45A2-9D8D-AD7C2F615316}.Release|Any CPU.ActiveCfg = Release|Any CPU
		{1A053543-5039-45A2-9D8D-AD7C2F615316}.Release|Any CPU.Build.0 = Release|Any CPU
		{1A053543-5039-45A2-9D8D-AD7C2F615316}.Release|x64.ActiveCfg = Release|Any CPU
		{1A053543-5039-45A2-9D8D-AD7C2F615316}.Release|x64.Build.0 = Release|Any CPU
		{1A053543-5039-45A2-9D8D-AD7C2F615316}.Release|x86.ActiveCfg = Release|Any CPU
		{1A053543-5039-45A2-9D8D-AD7C2F615316}.Release|x86.Build.0 = Release|Any CPU
		{A0D9423F-F89D-4610-86E4-E8FE65423E4A}.Debug|Any CPU.ActiveCfg = Debug|Any CPU
		{A0D9423F-F89D-4610-86E4-E8FE65423E4A}.Debug|Any CPU.Build.0 = Debug|Any CPU
		{A0D9423F-F89D-4610-86E4-E8FE65423E4A}.Debug|x64.ActiveCfg = Debug|Any CPU
		{A0D9423F-F89D-4610-86E4-E8FE65423E4A}.Debug|x64.Build.0 = Debug|Any CPU
		{A0D9423F-F89D-4610-86E4-E8FE65423E4A}.Debug|x86.ActiveCfg = Debug|Any CPU
		{A0D9423F-F89D-4610-86E4-E8FE65423E4A}.Debug|x86.Build.0 = Debug|Any CPU
		{A0D9423F-F89D-4610-86E4-E8FE65423E4A}.Release|Any CPU.ActiveCfg = Release|Any CPU
		{A0D9423F-F89D-4610-86E4-E8FE65423E4A}.Release|Any CPU.Build.0 = Release|Any CPU
		{A0D9423F-F89D-4610-86E4-E8FE65423E4A}.Release|x64.ActiveCfg = Release|Any CPU
		{A0D9423F-F89D-4610-86E4-E8FE65423E4A}.Release|x64.Build.0 = Release|Any CPU
		{A0D9423F-F89D-4610-86E4-E8FE65423E4A}.Release|x86.ActiveCfg = Release|Any CPU
		{A0D9423F-F89D-4610-86E4-E8FE65423E4A}.Release|x86.Build.0 = Release|Any CPU
		{69028BED-E19B-4972-ACE8-3F651860AEBE}.Debug|Any CPU.ActiveCfg = Debug|Any CPU
		{69028BED-E19B-4972-ACE8-3F651860AEBE}.Debug|Any CPU.Build.0 = Debug|Any CPU
		{69028BED-E19B-4972-ACE8-3F651860AEBE}.Debug|x64.ActiveCfg = Debug|Any CPU
		{69028BED-E19B-4972-ACE8-3F651860AEBE}.Debug|x64.Build.0 = Debug|Any CPU
		{69028BED-E19B-4972-ACE8-3F651860AEBE}.Debug|x86.ActiveCfg = Debug|Any CPU
		{69028BED-E19B-4972-ACE8-3F651860AEBE}.Debug|x86.Build.0 = Debug|Any CPU
		{69028BED-E19B-4972-ACE8-3F651860AEBE}.Release|Any CPU.ActiveCfg = Release|Any CPU
		{69028BED-E19B-4972-ACE8-3F651860AEBE}.Release|Any CPU.Build.0 = Release|Any CPU
		{69028BED-E19B-4972-ACE8-3F651860AEBE}.Release|x64.ActiveCfg = Release|Any CPU
		{69028BED-E19B-4972-ACE8-3F651860AEBE}.Release|x64.Build.0 = Release|Any CPU
		{69028BED-E19B-4972-ACE8-3F651860AEBE}.Release|x86.ActiveCfg = Release|Any CPU
		{69028BED-E19B-4972-ACE8-3F651860AEBE}.Release|x86.Build.0 = Release|Any CPU
		{D0B04976-EB14-43B5-8C49-3E5D03BA63A6}.Debug|Any CPU.ActiveCfg = Debug|Any CPU
		{D0B04976-EB14-43B5-8C49-3E5D03BA63A6}.Debug|Any CPU.Build.0 = Debug|Any CPU
		{D0B04976-EB14-43B5-8C49-3E5D03BA63A6}.Debug|x64.ActiveCfg = Debug|Any CPU
		{D0B04976-EB14-43B5-8C49-3E5D03BA63A6}.Debug|x64.Build.0 = Debug|Any CPU
		{D0B04976-EB14-43B5-8C49-3E5D03BA63A6}.Debug|x86.ActiveCfg = Debug|Any CPU
		{D0B04976-EB14-43B5-8C49-3E5D03BA63A6}.Debug|x86.Build.0 = Debug|Any CPU
		{D0B04976-EB14-43B5-8C49-3E5D03BA63A6}.Release|Any CPU.ActiveCfg = Release|Any CPU
		{D0B04976-EB14-43B5-8C49-3E5D03BA63A6}.Release|Any CPU.Build.0 = Release|Any CPU
		{D0B04976-EB14-43B5-8C49-3E5D03BA63A6}.Release|x64.ActiveCfg = Release|Any CPU
		{D0B04976-EB14-43B5-8C49-3E5D03BA63A6}.Release|x64.Build.0 = Release|Any CPU
		{D0B04976-EB14-43B5-8C49-3E5D03BA63A6}.Release|x86.ActiveCfg = Release|Any CPU
		{D0B04976-EB14-43B5-8C49-3E5D03BA63A6}.Release|x86.Build.0 = Release|Any CPU
		{426003C7-E2E7-4952-942D-B70BBB4A54A7}.Debug|Any CPU.ActiveCfg = Debug|Any CPU
		{426003C7-E2E7-4952-942D-B70BBB4A54A7}.Debug|Any CPU.Build.0 = Debug|Any CPU
		{426003C7-E2E7-4952-942D-B70BBB4A54A7}.Debug|x64.ActiveCfg = Debug|Any CPU
		{426003C7-E2E7-4952-942D-B70BBB4A54A7}.Debug|x64.Build.0 = Debug|Any CPU
		{426003C7-E2E7-4952-942D-B70BBB4A54A7}.Debug|x86.ActiveCfg = Debug|Any CPU
		{426003C7-E2E7-4952-942D-B70BBB4A54A7}.Debug|x86.Build.0 = Debug|Any CPU
		{426003C7-E2E7-4952-942D-B70BBB4A54A7}.Release|Any CPU.ActiveCfg = Release|Any CPU
		{426003C7-E2E7-4952-942D-B70BBB4A54A7}.Release|Any CPU.Build.0 = Release|Any CPU
		{426003C7-E2E7-4952-942D-B70BBB4A54A7}.Release|x64.ActiveCfg = Release|Any CPU
		{426003C7-E2E7-4952-942D-B70BBB4A54A7}.Release|x64.Build.0 = Release|Any CPU
		{426003C7-E2E7-4952-942D-B70BBB4A54A7}.Release|x86.ActiveCfg = Release|Any CPU
		{426003C7-E2E7-4952-942D-B70BBB4A54A7}.Release|x86.Build.0 = Release|Any CPU
		{988E1FC7-85CB-4AA5-A56D-33B026BA71D4}.Debug|Any CPU.ActiveCfg = Debug|Any CPU
		{988E1FC7-85CB-4AA5-A56D-33B026BA71D4}.Debug|Any CPU.Build.0 = Debug|Any CPU
		{988E1FC7-85CB-4AA5-A56D-33B026BA71D4}.Debug|x64.ActiveCfg = Debug|Any CPU
		{988E1FC7-85CB-4AA5-A56D-33B026BA71D4}.Debug|x64.Build.0 = Debug|Any CPU
		{988E1FC7-85CB-4AA5-A56D-33B026BA71D4}.Debug|x86.ActiveCfg = Debug|Any CPU
		{988E1FC7-85CB-4AA5-A56D-33B026BA71D4}.Debug|x86.Build.0 = Debug|Any CPU
		{988E1FC7-85CB-4AA5-A56D-33B026BA71D4}.Release|Any CPU.ActiveCfg = Release|Any CPU
		{988E1FC7-85CB-4AA5-A56D-33B026BA71D4}.Release|Any CPU.Build.0 = Release|Any CPU
		{988E1FC7-85CB-4AA5-A56D-33B026BA71D4}.Release|x64.ActiveCfg = Release|Any CPU
		{988E1FC7-85CB-4AA5-A56D-33B026BA71D4}.Release|x64.Build.0 = Release|Any CPU
		{988E1FC7-85CB-4AA5-A56D-33B026BA71D4}.Release|x86.ActiveCfg = Release|Any CPU
		{988E1FC7-85CB-4AA5-A56D-33B026BA71D4}.Release|x86.Build.0 = Release|Any CPU
		{98901FD6-3743-48D9-944E-322E5AFEBBA7}.Debug|Any CPU.ActiveCfg = Debug|Any CPU
		{98901FD6-3743-48D9-944E-322E5AFEBBA7}.Debug|Any CPU.Build.0 = Debug|Any CPU
		{98901FD6-3743-48D9-944E-322E5AFEBBA7}.Debug|x64.ActiveCfg = Debug|Any CPU
		{98901FD6-3743-48D9-944E-322E5AFEBBA7}.Debug|x64.Build.0 = Debug|Any CPU
		{98901FD6-3743-48D9-944E-322E5AFEBBA7}.Debug|x86.ActiveCfg = Debug|Any CPU
		{98901FD6-3743-48D9-944E-322E5AFEBBA7}.Debug|x86.Build.0 = Debug|Any CPU
		{98901FD6-3743-48D9-944E-322E5AFEBBA7}.Release|Any CPU.ActiveCfg = Release|Any CPU
		{98901FD6-3743-48D9-944E-322E5AFEBBA7}.Release|Any CPU.Build.0 = Release|Any CPU
		{98901FD6-3743-48D9-944E-322E5AFEBBA7}.Release|x64.ActiveCfg = Release|Any CPU
		{98901FD6-3743-48D9-944E-322E5AFEBBA7}.Release|x64.Build.0 = Release|Any CPU
		{98901FD6-3743-48D9-944E-322E5AFEBBA7}.Release|x86.ActiveCfg = Release|Any CPU
		{98901FD6-3743-48D9-944E-322E5AFEBBA7}.Release|x86.Build.0 = Release|Any CPU
		{CA110C30-3B5C-43C2-8AE7-8497201847CB}.Debug|Any CPU.ActiveCfg = Debug|Any CPU
		{CA110C30-3B5C-43C2-8AE7-8497201847CB}.Debug|Any CPU.Build.0 = Debug|Any CPU
		{CA110C30-3B5C-43C2-8AE7-8497201847CB}.Debug|x64.ActiveCfg = Debug|Any CPU
		{CA110C30-3B5C-43C2-8AE7-8497201847CB}.Debug|x64.Build.0 = Debug|Any CPU
		{CA110C30-3B5C-43C2-8AE7-8497201847CB}.Debug|x86.ActiveCfg = Debug|Any CPU
		{CA110C30-3B5C-43C2-8AE7-8497201847CB}.Debug|x86.Build.0 = Debug|Any CPU
		{CA110C30-3B5C-43C2-8AE7-8497201847CB}.Release|Any CPU.ActiveCfg = Release|Any CPU
		{CA110C30-3B5C-43C2-8AE7-8497201847CB}.Release|Any CPU.Build.0 = Release|Any CPU
		{CA110C30-3B5C-43C2-8AE7-8497201847CB}.Release|x64.ActiveCfg = Release|Any CPU
		{CA110C30-3B5C-43C2-8AE7-8497201847CB}.Release|x64.Build.0 = Release|Any CPU
		{CA110C30-3B5C-43C2-8AE7-8497201847CB}.Release|x86.ActiveCfg = Release|Any CPU
		{CA110C30-3B5C-43C2-8AE7-8497201847CB}.Release|x86.Build.0 = Release|Any CPU
		{74924DDB-5453-4527-8821-677A48BE2977}.Debug|Any CPU.ActiveCfg = Debug|Any CPU
		{74924DDB-5453-4527-8821-677A48BE2977}.Debug|Any CPU.Build.0 = Debug|Any CPU
		{74924DDB-5453-4527-8821-677A48BE2977}.Debug|x64.ActiveCfg = Debug|Any CPU
		{74924DDB-5453-4527-8821-677A48BE2977}.Debug|x64.Build.0 = Debug|Any CPU
		{74924DDB-5453-4527-8821-677A48BE2977}.Debug|x86.ActiveCfg = Debug|Any CPU
		{74924DDB-5453-4527-8821-677A48BE2977}.Debug|x86.Build.0 = Debug|Any CPU
		{74924DDB-5453-4527-8821-677A48BE2977}.Release|Any CPU.ActiveCfg = Release|Any CPU
		{74924DDB-5453-4527-8821-677A48BE2977}.Release|Any CPU.Build.0 = Release|Any CPU
		{74924DDB-5453-4527-8821-677A48BE2977}.Release|x64.ActiveCfg = Release|Any CPU
		{74924DDB-5453-4527-8821-677A48BE2977}.Release|x64.Build.0 = Release|Any CPU
		{74924DDB-5453-4527-8821-677A48BE2977}.Release|x86.ActiveCfg = Release|Any CPU
		{74924DDB-5453-4527-8821-677A48BE2977}.Release|x86.Build.0 = Release|Any CPU
		{2EF835ED-2D2D-49B5-BBA9-22F5D0967ACE}.Debug|Any CPU.ActiveCfg = Debug|Any CPU
		{2EF835ED-2D2D-49B5-BBA9-22F5D0967ACE}.Debug|Any CPU.Build.0 = Debug|Any CPU
		{2EF835ED-2D2D-49B5-BBA9-22F5D0967ACE}.Debug|x64.ActiveCfg = Debug|Any CPU
		{2EF835ED-2D2D-49B5-BBA9-22F5D0967ACE}.Debug|x64.Build.0 = Debug|Any CPU
		{2EF835ED-2D2D-49B5-BBA9-22F5D0967ACE}.Debug|x86.ActiveCfg = Debug|Any CPU
		{2EF835ED-2D2D-49B5-BBA9-22F5D0967ACE}.Debug|x86.Build.0 = Debug|Any CPU
		{2EF835ED-2D2D-49B5-BBA9-22F5D0967ACE}.Release|Any CPU.ActiveCfg = Release|Any CPU
		{2EF835ED-2D2D-49B5-BBA9-22F5D0967ACE}.Release|Any CPU.Build.0 = Release|Any CPU
		{2EF835ED-2D2D-49B5-BBA9-22F5D0967ACE}.Release|x64.ActiveCfg = Release|Any CPU
		{2EF835ED-2D2D-49B5-BBA9-22F5D0967ACE}.Release|x64.Build.0 = Release|Any CPU
		{2EF835ED-2D2D-49B5-BBA9-22F5D0967ACE}.Release|x86.ActiveCfg = Release|Any CPU
		{2EF835ED-2D2D-49B5-BBA9-22F5D0967ACE}.Release|x86.Build.0 = Release|Any CPU
		{5E6A05DB-4BEC-4E62-AA70-07C825BA2764}.Debug|Any CPU.ActiveCfg = Debug|Any CPU
		{5E6A05DB-4BEC-4E62-AA70-07C825BA2764}.Debug|Any CPU.Build.0 = Debug|Any CPU
		{5E6A05DB-4BEC-4E62-AA70-07C825BA2764}.Debug|x64.ActiveCfg = Debug|Any CPU
		{5E6A05DB-4BEC-4E62-AA70-07C825BA2764}.Debug|x64.Build.0 = Debug|Any CPU
		{5E6A05DB-4BEC-4E62-AA70-07C825BA2764}.Debug|x86.ActiveCfg = Debug|Any CPU
		{5E6A05DB-4BEC-4E62-AA70-07C825BA2764}.Debug|x86.Build.0 = Debug|Any CPU
		{5E6A05DB-4BEC-4E62-AA70-07C825BA2764}.Release|Any CPU.ActiveCfg = Release|Any CPU
		{5E6A05DB-4BEC-4E62-AA70-07C825BA2764}.Release|Any CPU.Build.0 = Release|Any CPU
		{5E6A05DB-4BEC-4E62-AA70-07C825BA2764}.Release|x64.ActiveCfg = Release|Any CPU
		{5E6A05DB-4BEC-4E62-AA70-07C825BA2764}.Release|x64.Build.0 = Release|Any CPU
		{5E6A05DB-4BEC-4E62-AA70-07C825BA2764}.Release|x86.ActiveCfg = Release|Any CPU
		{5E6A05DB-4BEC-4E62-AA70-07C825BA2764}.Release|x86.Build.0 = Release|Any CPU
		{21031D86-32E1-4A09-B9C3-95C196154230}.Debug|Any CPU.ActiveCfg = Debug|Any CPU
		{21031D86-32E1-4A09-B9C3-95C196154230}.Debug|Any CPU.Build.0 = Debug|Any CPU
		{21031D86-32E1-4A09-B9C3-95C196154230}.Debug|x64.ActiveCfg = Debug|Any CPU
		{21031D86-32E1-4A09-B9C3-95C196154230}.Debug|x64.Build.0 = Debug|Any CPU
		{21031D86-32E1-4A09-B9C3-95C196154230}.Debug|x86.ActiveCfg = Debug|Any CPU
		{21031D86-32E1-4A09-B9C3-95C196154230}.Debug|x86.Build.0 = Debug|Any CPU
		{21031D86-32E1-4A09-B9C3-95C196154230}.Release|Any CPU.ActiveCfg = Release|Any CPU
		{21031D86-32E1-4A09-B9C3-95C196154230}.Release|Any CPU.Build.0 = Release|Any CPU
		{21031D86-32E1-4A09-B9C3-95C196154230}.Release|x64.ActiveCfg = Release|Any CPU
		{21031D86-32E1-4A09-B9C3-95C196154230}.Release|x64.Build.0 = Release|Any CPU
		{21031D86-32E1-4A09-B9C3-95C196154230}.Release|x86.ActiveCfg = Release|Any CPU
		{21031D86-32E1-4A09-B9C3-95C196154230}.Release|x86.Build.0 = Release|Any CPU
		{55D46460-E084-457F-8BD1-EB105DB090D0}.Debug|Any CPU.ActiveCfg = Debug|Any CPU
		{55D46460-E084-457F-8BD1-EB105DB090D0}.Debug|Any CPU.Build.0 = Debug|Any CPU
		{55D46460-E084-457F-8BD1-EB105DB090D0}.Debug|x64.ActiveCfg = Debug|Any CPU
		{55D46460-E084-457F-8BD1-EB105DB090D0}.Debug|x64.Build.0 = Debug|Any CPU
		{55D46460-E084-457F-8BD1-EB105DB090D0}.Debug|x86.ActiveCfg = Debug|Any CPU
		{55D46460-E084-457F-8BD1-EB105DB090D0}.Debug|x86.Build.0 = Debug|Any CPU
		{55D46460-E084-457F-8BD1-EB105DB090D0}.Release|Any CPU.ActiveCfg = Release|Any CPU
		{55D46460-E084-457F-8BD1-EB105DB090D0}.Release|Any CPU.Build.0 = Release|Any CPU
		{55D46460-E084-457F-8BD1-EB105DB090D0}.Release|x64.ActiveCfg = Release|Any CPU
		{55D46460-E084-457F-8BD1-EB105DB090D0}.Release|x64.Build.0 = Release|Any CPU
		{55D46460-E084-457F-8BD1-EB105DB090D0}.Release|x86.ActiveCfg = Release|Any CPU
		{55D46460-E084-457F-8BD1-EB105DB090D0}.Release|x86.Build.0 = Release|Any CPU
		{6A7C8AE4-D607-469F-810B-1F4A4E792A44}.Debug|Any CPU.ActiveCfg = Debug|Any CPU
		{6A7C8AE4-D607-469F-810B-1F4A4E792A44}.Debug|Any CPU.Build.0 = Debug|Any CPU
		{6A7C8AE4-D607-469F-810B-1F4A4E792A44}.Debug|x64.ActiveCfg = Debug|Any CPU
		{6A7C8AE4-D607-469F-810B-1F4A4E792A44}.Debug|x64.Build.0 = Debug|Any CPU
		{6A7C8AE4-D607-469F-810B-1F4A4E792A44}.Debug|x86.ActiveCfg = Debug|Any CPU
		{6A7C8AE4-D607-469F-810B-1F4A4E792A44}.Debug|x86.Build.0 = Debug|Any CPU
		{6A7C8AE4-D607-469F-810B-1F4A4E792A44}.Release|Any CPU.ActiveCfg = Release|Any CPU
		{6A7C8AE4-D607-469F-810B-1F4A4E792A44}.Release|Any CPU.Build.0 = Release|Any CPU
		{6A7C8AE4-D607-469F-810B-1F4A4E792A44}.Release|x64.ActiveCfg = Release|Any CPU
		{6A7C8AE4-D607-469F-810B-1F4A4E792A44}.Release|x64.Build.0 = Release|Any CPU
		{6A7C8AE4-D607-469F-810B-1F4A4E792A44}.Release|x86.ActiveCfg = Release|Any CPU
		{6A7C8AE4-D607-469F-810B-1F4A4E792A44}.Release|x86.Build.0 = Release|Any CPU
		{12497DCB-F5DB-481D-A3D0-B622AEBE4B1B}.Debug|Any CPU.ActiveCfg = Debug|Any CPU
		{12497DCB-F5DB-481D-A3D0-B622AEBE4B1B}.Debug|Any CPU.Build.0 = Debug|Any CPU
		{12497DCB-F5DB-481D-A3D0-B622AEBE4B1B}.Debug|x64.ActiveCfg = Debug|Any CPU
		{12497DCB-F5DB-481D-A3D0-B622AEBE4B1B}.Debug|x64.Build.0 = Debug|Any CPU
		{12497DCB-F5DB-481D-A3D0-B622AEBE4B1B}.Debug|x86.ActiveCfg = Debug|Any CPU
		{12497DCB-F5DB-481D-A3D0-B622AEBE4B1B}.Debug|x86.Build.0 = Debug|Any CPU
		{12497DCB-F5DB-481D-A3D0-B622AEBE4B1B}.Release|Any CPU.ActiveCfg = Release|Any CPU
		{12497DCB-F5DB-481D-A3D0-B622AEBE4B1B}.Release|Any CPU.Build.0 = Release|Any CPU
		{12497DCB-F5DB-481D-A3D0-B622AEBE4B1B}.Release|x64.ActiveCfg = Release|Any CPU
		{12497DCB-F5DB-481D-A3D0-B622AEBE4B1B}.Release|x64.Build.0 = Release|Any CPU
		{12497DCB-F5DB-481D-A3D0-B622AEBE4B1B}.Release|x86.ActiveCfg = Release|Any CPU
		{12497DCB-F5DB-481D-A3D0-B622AEBE4B1B}.Release|x86.Build.0 = Release|Any CPU
		{7BA92263-1B49-4CEF-B6DF-97FE8DE880AA}.Debug|Any CPU.ActiveCfg = Debug|Any CPU
		{7BA92263-1B49-4CEF-B6DF-97FE8DE880AA}.Debug|Any CPU.Build.0 = Debug|Any CPU
		{7BA92263-1B49-4CEF-B6DF-97FE8DE880AA}.Debug|x64.ActiveCfg = Debug|Any CPU
		{7BA92263-1B49-4CEF-B6DF-97FE8DE880AA}.Debug|x64.Build.0 = Debug|Any CPU
		{7BA92263-1B49-4CEF-B6DF-97FE8DE880AA}.Debug|x86.ActiveCfg = Debug|Any CPU
		{7BA92263-1B49-4CEF-B6DF-97FE8DE880AA}.Debug|x86.Build.0 = Debug|Any CPU
		{7BA92263-1B49-4CEF-B6DF-97FE8DE880AA}.Release|Any CPU.ActiveCfg = Release|Any CPU
		{7BA92263-1B49-4CEF-B6DF-97FE8DE880AA}.Release|Any CPU.Build.0 = Release|Any CPU
		{7BA92263-1B49-4CEF-B6DF-97FE8DE880AA}.Release|x64.ActiveCfg = Release|Any CPU
		{7BA92263-1B49-4CEF-B6DF-97FE8DE880AA}.Release|x64.Build.0 = Release|Any CPU
		{7BA92263-1B49-4CEF-B6DF-97FE8DE880AA}.Release|x86.ActiveCfg = Release|Any CPU
		{7BA92263-1B49-4CEF-B6DF-97FE8DE880AA}.Release|x86.Build.0 = Release|Any CPU
		{FD936C6A-108A-4ACC-81EF-0095956C5C44}.Debug|Any CPU.ActiveCfg = Debug|Any CPU
		{FD936C6A-108A-4ACC-81EF-0095956C5C44}.Debug|Any CPU.Build.0 = Debug|Any CPU
		{FD936C6A-108A-4ACC-81EF-0095956C5C44}.Debug|x64.ActiveCfg = Debug|Any CPU
		{FD936C6A-108A-4ACC-81EF-0095956C5C44}.Debug|x64.Build.0 = Debug|Any CPU
		{FD936C6A-108A-4ACC-81EF-0095956C5C44}.Debug|x86.ActiveCfg = Debug|Any CPU
		{FD936C6A-108A-4ACC-81EF-0095956C5C44}.Debug|x86.Build.0 = Debug|Any CPU
		{FD936C6A-108A-4ACC-81EF-0095956C5C44}.Release|Any CPU.ActiveCfg = Release|Any CPU
		{FD936C6A-108A-4ACC-81EF-0095956C5C44}.Release|Any CPU.Build.0 = Release|Any CPU
		{FD936C6A-108A-4ACC-81EF-0095956C5C44}.Release|x64.ActiveCfg = Release|Any CPU
		{FD936C6A-108A-4ACC-81EF-0095956C5C44}.Release|x64.Build.0 = Release|Any CPU
		{FD936C6A-108A-4ACC-81EF-0095956C5C44}.Release|x86.ActiveCfg = Release|Any CPU
		{FD936C6A-108A-4ACC-81EF-0095956C5C44}.Release|x86.Build.0 = Release|Any CPU
		{C3B9B2A4-CDC6-4F0B-8F45-83810480506B}.Debug|Any CPU.ActiveCfg = Debug|Any CPU
		{C3B9B2A4-CDC6-4F0B-8F45-83810480506B}.Debug|Any CPU.Build.0 = Debug|Any CPU
		{C3B9B2A4-CDC6-4F0B-8F45-83810480506B}.Debug|x64.ActiveCfg = Debug|Any CPU
		{C3B9B2A4-CDC6-4F0B-8F45-83810480506B}.Debug|x64.Build.0 = Debug|Any CPU
		{C3B9B2A4-CDC6-4F0B-8F45-83810480506B}.Debug|x86.ActiveCfg = Debug|Any CPU
		{C3B9B2A4-CDC6-4F0B-8F45-83810480506B}.Debug|x86.Build.0 = Debug|Any CPU
		{C3B9B2A4-CDC6-4F0B-8F45-83810480506B}.Release|Any CPU.ActiveCfg = Release|Any CPU
		{C3B9B2A4-CDC6-4F0B-8F45-83810480506B}.Release|Any CPU.Build.0 = Release|Any CPU
		{C3B9B2A4-CDC6-4F0B-8F45-83810480506B}.Release|x64.ActiveCfg = Release|Any CPU
		{C3B9B2A4-CDC6-4F0B-8F45-83810480506B}.Release|x64.Build.0 = Release|Any CPU
		{C3B9B2A4-CDC6-4F0B-8F45-83810480506B}.Release|x86.ActiveCfg = Release|Any CPU
		{C3B9B2A4-CDC6-4F0B-8F45-83810480506B}.Release|x86.Build.0 = Release|Any CPU
		{13D28816-AF9E-462F-9AD3-986482CB7143}.Debug|Any CPU.ActiveCfg = Debug|Any CPU
		{13D28816-AF9E-462F-9AD3-986482CB7143}.Debug|Any CPU.Build.0 = Debug|Any CPU
		{13D28816-AF9E-462F-9AD3-986482CB7143}.Debug|x64.ActiveCfg = Debug|Any CPU
		{13D28816-AF9E-462F-9AD3-986482CB7143}.Debug|x64.Build.0 = Debug|Any CPU
		{13D28816-AF9E-462F-9AD3-986482CB7143}.Debug|x86.ActiveCfg = Debug|Any CPU
		{13D28816-AF9E-462F-9AD3-986482CB7143}.Debug|x86.Build.0 = Debug|Any CPU
		{13D28816-AF9E-462F-9AD3-986482CB7143}.Release|Any CPU.ActiveCfg = Release|Any CPU
		{13D28816-AF9E-462F-9AD3-986482CB7143}.Release|Any CPU.Build.0 = Release|Any CPU
		{13D28816-AF9E-462F-9AD3-986482CB7143}.Release|x64.ActiveCfg = Release|Any CPU
		{13D28816-AF9E-462F-9AD3-986482CB7143}.Release|x64.Build.0 = Release|Any CPU
		{13D28816-AF9E-462F-9AD3-986482CB7143}.Release|x86.ActiveCfg = Release|Any CPU
		{13D28816-AF9E-462F-9AD3-986482CB7143}.Release|x86.Build.0 = Release|Any CPU
		{30574706-8AD9-426C-A9C9-885CEAA20A41}.Debug|Any CPU.ActiveCfg = Debug|Any CPU
		{30574706-8AD9-426C-A9C9-885CEAA20A41}.Debug|Any CPU.Build.0 = Debug|Any CPU
		{30574706-8AD9-426C-A9C9-885CEAA20A41}.Debug|x64.ActiveCfg = Debug|Any CPU
		{30574706-8AD9-426C-A9C9-885CEAA20A41}.Debug|x64.Build.0 = Debug|Any CPU
		{30574706-8AD9-426C-A9C9-885CEAA20A41}.Debug|x86.ActiveCfg = Debug|Any CPU
		{30574706-8AD9-426C-A9C9-885CEAA20A41}.Debug|x86.Build.0 = Debug|Any CPU
		{30574706-8AD9-426C-A9C9-885CEAA20A41}.Release|Any CPU.ActiveCfg = Release|Any CPU
		{30574706-8AD9-426C-A9C9-885CEAA20A41}.Release|Any CPU.Build.0 = Release|Any CPU
		{30574706-8AD9-426C-A9C9-885CEAA20A41}.Release|x64.ActiveCfg = Release|Any CPU
		{30574706-8AD9-426C-A9C9-885CEAA20A41}.Release|x64.Build.0 = Release|Any CPU
		{30574706-8AD9-426C-A9C9-885CEAA20A41}.Release|x86.ActiveCfg = Release|Any CPU
		{30574706-8AD9-426C-A9C9-885CEAA20A41}.Release|x86.Build.0 = Release|Any CPU
		{6F27F69D-E288-404D-B688-80723BCCB3B5}.Debug|Any CPU.ActiveCfg = Debug|Any CPU
		{6F27F69D-E288-404D-B688-80723BCCB3B5}.Debug|Any CPU.Build.0 = Debug|Any CPU
		{6F27F69D-E288-404D-B688-80723BCCB3B5}.Debug|x64.ActiveCfg = Debug|Any CPU
		{6F27F69D-E288-404D-B688-80723BCCB3B5}.Debug|x64.Build.0 = Debug|Any CPU
		{6F27F69D-E288-404D-B688-80723BCCB3B5}.Debug|x86.ActiveCfg = Debug|Any CPU
		{6F27F69D-E288-404D-B688-80723BCCB3B5}.Debug|x86.Build.0 = Debug|Any CPU
		{6F27F69D-E288-404D-B688-80723BCCB3B5}.Release|Any CPU.ActiveCfg = Release|Any CPU
		{6F27F69D-E288-404D-B688-80723BCCB3B5}.Release|Any CPU.Build.0 = Release|Any CPU
		{6F27F69D-E288-404D-B688-80723BCCB3B5}.Release|x64.ActiveCfg = Release|Any CPU
		{6F27F69D-E288-404D-B688-80723BCCB3B5}.Release|x64.Build.0 = Release|Any CPU
		{6F27F69D-E288-404D-B688-80723BCCB3B5}.Release|x86.ActiveCfg = Release|Any CPU
		{6F27F69D-E288-404D-B688-80723BCCB3B5}.Release|x86.Build.0 = Release|Any CPU
		{6C59B496-3D60-4129-8B21-C6A64BFA8C6A}.Debug|Any CPU.ActiveCfg = Debug|Any CPU
		{6C59B496-3D60-4129-8B21-C6A64BFA8C6A}.Debug|Any CPU.Build.0 = Debug|Any CPU
		{6C59B496-3D60-4129-8B21-C6A64BFA8C6A}.Debug|x64.ActiveCfg = Debug|Any CPU
		{6C59B496-3D60-4129-8B21-C6A64BFA8C6A}.Debug|x64.Build.0 = Debug|Any CPU
		{6C59B496-3D60-4129-8B21-C6A64BFA8C6A}.Debug|x86.ActiveCfg = Debug|Any CPU
		{6C59B496-3D60-4129-8B21-C6A64BFA8C6A}.Debug|x86.Build.0 = Debug|Any CPU
		{6C59B496-3D60-4129-8B21-C6A64BFA8C6A}.Release|Any CPU.ActiveCfg = Release|Any CPU
		{6C59B496-3D60-4129-8B21-C6A64BFA8C6A}.Release|Any CPU.Build.0 = Release|Any CPU
		{6C59B496-3D60-4129-8B21-C6A64BFA8C6A}.Release|x64.ActiveCfg = Release|Any CPU
		{6C59B496-3D60-4129-8B21-C6A64BFA8C6A}.Release|x64.Build.0 = Release|Any CPU
		{6C59B496-3D60-4129-8B21-C6A64BFA8C6A}.Release|x86.ActiveCfg = Release|Any CPU
		{6C59B496-3D60-4129-8B21-C6A64BFA8C6A}.Release|x86.Build.0 = Release|Any CPU
		{EB37A163-6BE9-4E49-AD64-424EE5343A4A}.Debug|Any CPU.ActiveCfg = Debug|Any CPU
		{EB37A163-6BE9-4E49-AD64-424EE5343A4A}.Debug|Any CPU.Build.0 = Debug|Any CPU
		{EB37A163-6BE9-4E49-AD64-424EE5343A4A}.Debug|x64.ActiveCfg = Debug|Any CPU
		{EB37A163-6BE9-4E49-AD64-424EE5343A4A}.Debug|x64.Build.0 = Debug|Any CPU
		{EB37A163-6BE9-4E49-AD64-424EE5343A4A}.Debug|x86.ActiveCfg = Debug|Any CPU
		{EB37A163-6BE9-4E49-AD64-424EE5343A4A}.Debug|x86.Build.0 = Debug|Any CPU
		{EB37A163-6BE9-4E49-AD64-424EE5343A4A}.Release|Any CPU.ActiveCfg = Release|Any CPU
		{EB37A163-6BE9-4E49-AD64-424EE5343A4A}.Release|Any CPU.Build.0 = Release|Any CPU
		{EB37A163-6BE9-4E49-AD64-424EE5343A4A}.Release|x64.ActiveCfg = Release|Any CPU
		{EB37A163-6BE9-4E49-AD64-424EE5343A4A}.Release|x64.Build.0 = Release|Any CPU
		{EB37A163-6BE9-4E49-AD64-424EE5343A4A}.Release|x86.ActiveCfg = Release|Any CPU
		{EB37A163-6BE9-4E49-AD64-424EE5343A4A}.Release|x86.Build.0 = Release|Any CPU
	EndGlobalSection
	GlobalSection(SolutionProperties) = preSolution
		HideSolutionNode = FALSE
	EndGlobalSection
	GlobalSection(NestedProjects) = preSolution
		{515568D6-5209-475D-B9C8-703323887132} = {7266C4A9-E384-DC00-0EB6-47F6002CFBA7}
		{EB54E92B-7B1A-411A-8FE3-C1A478F1CA96} = {7266C4A9-E384-DC00-0EB6-47F6002CFBA7}
		{B6DACD6C-8B3F-8A8A-09AD-F2D1DD139CEC} = {5854FF58-B8C5-05C6-5BF2-ACE42193F22B}
		{8DEB53EA-BB05-4EF5-94DB-B2E220005D25} = {B6DACD6C-8B3F-8A8A-09AD-F2D1DD139CEC}
		{EB009A4C-ECA8-4F7D-9883-B885C2D26282} = {B6DACD6C-8B3F-8A8A-09AD-F2D1DD139CEC}
		{1A053543-5039-45A2-9D8D-AD7C2F615316} = {B6DACD6C-8B3F-8A8A-09AD-F2D1DD139CEC}
		{A0D9423F-F89D-4610-86E4-E8FE65423E4A} = {B6DACD6C-8B3F-8A8A-09AD-F2D1DD139CEC}
		{E5928026-5986-66E7-0644-12CA7F7E8D88} = {5854FF58-B8C5-05C6-5BF2-ACE42193F22B}
		{69028BED-E19B-4972-ACE8-3F651860AEBE} = {E5928026-5986-66E7-0644-12CA7F7E8D88}
		{D0B04976-EB14-43B5-8C49-3E5D03BA63A6} = {E5928026-5986-66E7-0644-12CA7F7E8D88}
		{426003C7-E2E7-4952-942D-B70BBB4A54A7} = {E5928026-5986-66E7-0644-12CA7F7E8D88}
		{988E1FC7-85CB-4AA5-A56D-33B026BA71D4} = {E5928026-5986-66E7-0644-12CA7F7E8D88}
		{BB9F12D0-9064-20B8-D589-C8B0337A0624} = {5854FF58-B8C5-05C6-5BF2-ACE42193F22B}
		{98901FD6-3743-48D9-944E-322E5AFEBBA7} = {BB9F12D0-9064-20B8-D589-C8B0337A0624}
		{CA110C30-3B5C-43C2-8AE7-8497201847CB} = {BB9F12D0-9064-20B8-D589-C8B0337A0624}
		{74924DDB-5453-4527-8821-677A48BE2977} = {BB9F12D0-9064-20B8-D589-C8B0337A0624}
		{2EF835ED-2D2D-49B5-BBA9-22F5D0967ACE} = {BB9F12D0-9064-20B8-D589-C8B0337A0624}
		{C49BA92E-5509-CE7F-40BF-A85AD1034C0E} = {5854FF58-B8C5-05C6-5BF2-ACE42193F22B}
		{5E6A05DB-4BEC-4E62-AA70-07C825BA2764} = {C49BA92E-5509-CE7F-40BF-A85AD1034C0E}
		{21031D86-32E1-4A09-B9C3-95C196154230} = {C49BA92E-5509-CE7F-40BF-A85AD1034C0E}
		{55D46460-E084-457F-8BD1-EB105DB090D0} = {C49BA92E-5509-CE7F-40BF-A85AD1034C0E}
		{6A7C8AE4-D607-469F-810B-1F4A4E792A44} = {C49BA92E-5509-CE7F-40BF-A85AD1034C0E}
		{F3434ADF-E90D-43BC-8C6B-A722BD079982} = {5854FF58-B8C5-05C6-5BF2-ACE42193F22B}
		{12497DCB-F5DB-481D-A3D0-B622AEBE4B1B} = {F3434ADF-E90D-43BC-8C6B-A722BD079982}
		{7BA92263-1B49-4CEF-B6DF-97FE8DE880AA} = {F3434ADF-E90D-43BC-8C6B-A722BD079982}
		{FD936C6A-108A-4ACC-81EF-0095956C5C44} = {F3434ADF-E90D-43BC-8C6B-A722BD079982}
		{C3B9B2A4-CDC6-4F0B-8F45-83810480506B} = {F3434ADF-E90D-43BC-8C6B-A722BD079982}
		{13D28816-AF9E-462F-9AD3-986482CB7143} = {E7BDDBC6-9FD1-D1D7-ACD8-2C4F8E3D2461}
		{81C5FF0A-6941-4A42-E912-C1CFE77F0226} = {5854FF58-B8C5-05C6-5BF2-ACE42193F22B}
		{30574706-8AD9-426C-A9C9-885CEAA20A41} = {81C5FF0A-6941-4A42-E912-C1CFE77F0226}
		{6F27F69D-E288-404D-B688-80723BCCB3B5} = {81C5FF0A-6941-4A42-E912-C1CFE77F0226}
		{6C59B496-3D60-4129-8B21-C6A64BFA8C6A} = {81C5FF0A-6941-4A42-E912-C1CFE77F0226}
		{EB37A163-6BE9-4E49-AD64-424EE5343A4A} = {81C5FF0A-6941-4A42-E912-C1CFE77F0226}
	EndGlobalSection
EndGlobal
